
Microsoft Visual Studio Solution File, Format Version 12.00
# Visual Studio Version 18
VisualStudioVersion = 18.6.11819.183 stable
MinimumVisualStudioVersion = 10.0.40219.1
Project("{FAE04EC0-301F-11D3-BF4B-00C04F79EFBC}") = "Nalix.Observability.Contracts", "Nalix.Observability.Contracts\Nalix.Observability.Contracts.csproj", "{427E35EE-E2F6-4D85-8E10-B040AFB42A75}"
EndProject
Project("{FAE04EC0-301F-11D3-BF4B-00C04F79EFBC}") = "Nalix.Observability.Handlers", "Nalix.Observability.Handlers\Nalix.Observability.Handlers.csproj", "{51FB8B00-C339-491A-83B4-95C04967F647}"
EndProject
Project("{FAE04EC0-301F-11D3-BF4B-00C04F79EFBC}") = "Nalix.Dashboard", "Nalix.Dashboard\Nalix.Dashboard.csproj", "{57A94EC3-4D18-411F-A5FE-94F2A56D04BA}"
EndProject
Global
	GlobalSection(SolutionConfigurationPlatforms) = preSolution
		Debug|Any CPU = Debug|Any CPU
		Debug|x64 = Debug|x64
		Debug|x86 = Debug|x86
		Release|Any CPU = Release|Any CPU
		Release|x64 = Release|x64
		Release|x86 = Release|x86
	EndGlobalSection
	GlobalSection(ProjectConfigurationPlatforms) = postSolution
		{427E35EE-E2F6-4D85-8E10-B040AFB42A75}.Debug|Any CPU.ActiveCfg = Debug|Any CPU
		{427E35EE-E2F6-4D85-8E10-B040AFB42A75}.Debug|Any CPU.Build.0 = Debug|Any CPU
		{427E35EE-E2F6-4D85-8E10-B040AFB42A75}.Debug|x64.ActiveCfg = Debug|Any CPU
		{427E35EE-E2F6-4D85-8E10-B040AFB42A75}.Debug|x64.Build.0 = Debug|Any CPU
		{427E35EE-E2F6-4D85-8E10-B040AFB42A75}.Debug|x86.ActiveCfg = Debug|Any CPU
		{427E35EE-E2F6-4D85-8E10-B040AFB42A75}.Debug|x86.Build.0 = Debug|Any CPU
		{427E35EE-E2F6-4D85-8E10-B040AFB42A75}.Release|Any CPU.ActiveCfg = Release|Any CPU
		{427E35EE-E2F6-4D85-8E10-B040AFB42A75}.Release|Any CPU.Build.0 = Release|Any CPU
		{427E35EE-E2F6-4D85-8E10-B040AFB42A75}.Release|x64.ActiveCfg = Release|Any CPU
		{427E35EE-E2F6-4D85-8E10-B040AFB42A75}.Release|x64.Build.0 = Release|Any CPU
		{427E35EE-E2F6-4D85-8E10-B040AFB42A75}.Release|x86.ActiveCfg = Release|Any CPU
		{427E35EE-E2F6-4D85-8E10-B040AFB42A75}.Release|x86.Build.0 = Release|Any CPU
		{51FB8B00-C339-491A-83B4-95C04967F647}.Debug|Any CPU.ActiveCfg = Debug|Any CPU
		{51FB8B00-C339-491A-83B4-95C04967F647}.Debug|Any CPU.Build.0 = Debug|Any CPU
		{51FB8B00-C339-491A-83B4-95C04967F647}.Debug|x64.ActiveCfg = Debug|Any CPU
		{51FB8B00-C339-491A-83B4-95C04967F647}.Debug|x64.Build.0 = Debug|Any CPU
		{51FB8B00-C339-491A-83B4-95C04967F647}.Debug|x86.ActiveCfg = Debug|Any CPU
		{51FB8B00-C339-491A-83B4-95C04967F647}.Debug|x86.Build.0 = Debug|Any CPU
		{51FB8B00-C339-491A-83B4-95C04967F647}.Release|Any CPU.ActiveCfg = Release|Any CPU
		{51FB8B00-C339-491A-83B4-95C04967F647}.Release|Any CPU.Build.0 = Release|Any CPU
		{51FB8B00-C339-491A-83B4-95C04967F647}.Release|x64.ActiveCfg = Release|Any CPU
		{51FB8B00-C339-491A-83B4-95C04967F647}.Release|x64.Build.0 = Release|Any CPU
		{51FB8B00-C339-491A-83B4-95C04967F647}.Release|x86.ActiveCfg = Release|Any CPU
		{51FB8B00-C339-491A-83B4-95C04967F647}.Release|x86.Build.0 = Release|Any CPU
		{57A94EC3-4D18-411F-A5FE-94F2A56D04BA}.Debug|Any CPU.ActiveCfg = Debug|Any CPU
		{57A94EC3-4D18-411F-A5FE-94F2A56D04BA}.Debug|Any CPU.Build.0 = Debug|Any CPU
		{57A94EC3-4D18-411F-A5FE-94F2A56D04BA}.Debug|x64.ActiveCfg = Debug|Any CPU
		{57A94EC3-4D18-411F-A5FE-94F2A56D04BA}.Debug|x64.Build.0 = Debug|Any CPU
		{57A94EC3-4D18-411F-A5FE-94F2A56D04BA}.Debug|x86.ActiveCfg = Debug|Any CPU
		{57A94EC3-4D18-411F-A5FE-94F2A56D04BA}.Debug|x86.Build.0 = Debug|Any CPU
		{57A94EC3-4D18-411F-A5FE-94F2A56D04BA}.Release|Any CPU.ActiveCfg = Release|Any CPU
		{57A94EC3-4D18-411F-A5FE-94F2A56D04BA}.Release|Any CPU.Build.0 = Release|Any CPU
		{57A94EC3-4D18-411F-A5FE-94F2A56D04BA}.Release|x64.ActiveCfg = Release|Any CPU
		{57A94EC3-4D18-411F-A5FE-94F2A56D04BA}.Release|x64.Build.0 = Release|Any CPU
		{57A94EC3-4D18-411F-A5FE-94F2A56D04BA}.Release|x86.ActiveCfg = Release|Any CPU
		{57A94EC3-4D18-411F-A5FE-94F2A56D04BA}.Release|x86.Build.0 = Release|Any CPU
	EndGlobalSection
	GlobalSection(SolutionProperties) = preSolution
		HideSolutionNode = FALSE
	EndGlobalSection
EndGlobal
